
Microsoft Visual Studio Solution File, Format Version 12.00
# Visual Studio Version 17
VisualStudioVersion = 17.14.36109.1 d17.14
MinimumVisualStudioVersion = 10.0.40219.1
Project("{FAE04EC0-301F-11D3-BF4B-00C04F79EFBC}") = "Final Submission", "Final Submission\Final Submission.csproj", "{76B81D68-598A-4A7E-A6E1-6CD8B182B2EE}"
EndProject
Global
	GlobalSection(SolutionConfigurationPlatforms) = preSolution
		Debug|Any CPU = Debug|Any CPU
		Release|Any CPU = Release|Any CPU
	EndGlobalSection
	GlobalSection(ProjectConfigurationPlatforms) = postSolution
		{76B81D68-598A-4A7E-A6E1-6CD8B182B2EE}.Debug|Any CPU.ActiveCfg = Debug|Any CPU
		{76B81D68-598A-4A7E-A6E1-6CD8B182B2EE}.Debug|Any CPU.Build.0 = Debug|Any CPU
		{76B81D68-598A-4A7E-A6E1-6CD8B182B2EE}.Release|Any CPU.ActiveCfg = Release|Any CPU
		{76B81D68-598A-4A7E-A6E1-6CD8B182B2EE}.Release|Any CPU.Build.0 = Release|Any CPU
	EndGlobalSection
	GlobalSection(SolutionProperties) = preSolution
		HideSolutionNode = FALSE
	EndGlobalSection
	GlobalSection(ExtensibilityGlobals) = postSolution
		SolutionGuid = {CAE60318-3ECC-4248-9A37-DFE1BAB4DA2E}
	EndGlobalSection
EndGlobal
