
Microsoft Visual Studio Solution File, Format Version 12.00
# Visual Studio Version 17
VisualStudioVersion = 17.14.36408.4 d17.14
MinimumVisualStudioVersion = 10.0.40219.1
Project("{FAE04EC0-301F-11D3-BF4B-00C04F79EFBC}") = "ARFMS.StudentApp", "ARFMS.StudentApp\ARFMS.StudentApp.csproj", "{77E87838-4C24-4435-BD18-22A1ECAC939B}"
EndProject
Global
	GlobalSection(SolutionConfigurationPlatforms) = preSolution
		Debug|Any CPU = Debug|Any CPU
		Release|Any CPU = Release|Any CPU
	EndGlobalSection
	GlobalSection(ProjectConfigurationPlatforms) = postSolution
		{77E87838-4C24-4435-BD18-22A1ECAC939B}.Debug|Any CPU.ActiveCfg = Debug|Any CPU
		{77E87838-4C24-4435-BD18-22A1ECAC939B}.Debug|Any CPU.Build.0 = Debug|Any CPU
		{77E87838-4C24-4435-BD18-22A1ECAC939B}.Release|Any CPU.ActiveCfg = Release|Any CPU
		{77E87838-4C24-4435-BD18-22A1ECAC939B}.Release|Any CPU.Build.0 = Release|Any CPU
	EndGlobalSection
	GlobalSection(SolutionProperties) = preSolution
		HideSolutionNode = FALSE
	EndGlobalSection
	GlobalSection(ExtensibilityGlobals) = postSolution
		SolutionGuid = {F3DD18FD-091D-401A-9C82-B4FE2E597965}
	EndGlobalSection
EndGlobal
